
Microsoft Visual Studio Solution File, Format Version 12.00
# Visual Studio Version 17
VisualStudioVersion = 17.0.31903.59
MinimumVisualStudioVersion = 10.0.40219.1
Project("{2150E333-8FDC-42A3-9474-1A3956D46DE8}") = "src", "src", "{827E0CD3-B72D-47B6-A68D-7590B98EB39B}"
EndProject
Project("{FAE04EC0-301F-11D3-BF4B-00C04F79EFBC}") = "HomeNet.Core", "src\HomeNet.Core\HomeNet.Core.csproj", "{528B0F80-4393-42A5-825F-15CFF66659BA}"
EndProject
Project("{FAE04EC0-301F-11D3-BF4B-00C04F79EFBC}") = "HomeNet.Data", "src\HomeNet.Data\HomeNet.Data.csproj", "{A498D033-24D7-4CCE-91C9-A5D1D19C228D}"
EndProject
Project("{FAE04EC0-301F-11D3-BF4B-00C04F79EFBC}") = "HomeNet.Web", "src\HomeNet.Web\HomeNet.Web.csproj", "{A99F4477-ADD4-48B9-AB4D-087D97668B9A}"
EndProject
Project("{2150E333-8FDC-42A3-9474-1A3956D46DE8}") = "test", "test", "{0C88DD14-F956-CE84-757C-A364CCF449FC}"
EndProject
Project("{FAE04EC0-301F-11D3-BF4B-00C04F79EFBC}") = "HomeNet.Core.Test", "test\HomeNet.Core.Test\HomeNet.Core.Test.csproj", "{6977F223-E028-4604-967B-299B7C07A380}"
EndProject
Project("{FAE04EC0-301F-11D3-BF4B-00C04F79EFBC}") = "HomNet.Data.Test", "test\HomNet.Data.Test\HomNet.Data.Test.csproj", "{AC8E497D-AA4B-463C-A1E5-F9972D38EAED}"
EndProject
Global
	GlobalSection(SolutionConfigurationPlatforms) = preSolution
		Debug|Any CPU = Debug|Any CPU
		Debug|x64 = Debug|x64
		Debug|x86 = Debug|x86
		Release|Any CPU = Release|Any CPU
		Release|x64 = Release|x64
		Release|x86 = Release|x86
	EndGlobalSection
	GlobalSection(ProjectConfigurationPlatforms) = postSolution
		{528B0F80-4393-42A5-825F-15CFF66659BA}.Debug|Any CPU.ActiveCfg = Debug|Any CPU
		{528B0F80-4393-42A5-825F-15CFF66659BA}.Debug|Any CPU.Build.0 = Debug|Any CPU
		{528B0F80-4393-42A5-825F-15CFF66659BA}.Debug|x64.ActiveCfg = Debug|Any CPU
		{528B0F80-4393-42A5-825F-15CFF66659BA}.Debug|x64.Build.0 = Debug|Any CPU
		{528B0F80-4393-42A5-825F-15CFF66659BA}.Debug|x86.ActiveCfg = Debug|Any CPU
		{528B0F80-4393-42A5-825F-15CFF66659BA}.Debug|x86.Build.0 = Debug|Any CPU
		{528B0F80-4393-42A5-825F-15CFF66659BA}.Release|Any CPU.ActiveCfg = Release|Any CPU
		{528B0F80-4393-42A5-825F-15CFF66659BA}.Release|Any CPU.Build.0 = Release|Any CPU
		{528B0F80-4393-42A5-825F-15CFF66659BA}.Release|x64.ActiveCfg = Release|Any CPU
		{528B0F80-4393-42A5-825F-15CFF66659BA}.Release|x64.Build.0 = Release|Any CPU
		{528B0F80-4393-42A5-825F-15CFF66659BA}.Release|x86.ActiveCfg = Release|Any CPU
		{528B0F80-4393-42A5-825F-15CFF66659BA}.Release|x86.Build.0 = Release|Any CPU
		{A498D033-24D7-4CCE-91C9-A5D1D19C228D}.Debug|Any CPU.ActiveCfg = Debug|Any CPU
		{A498D033-24D7-4CCE-91C9-A5D1D19C228D}.Debug|Any CPU.Build.0 = Debug|Any CPU
		{A498D033-24D7-4CCE-91C9-A5D1D19C228D}.Debug|x64.ActiveCfg = Debug|Any CPU
		{A498D033-24D7-4CCE-91C9-A5D1D19C228D}.Debug|x64.Build.0 = Debug|Any CPU
		{A498D033-24D7-4CCE-91C9-A5D1D19C228D}.Debug|x86.ActiveCfg = Debug|Any CPU
		{A498D033-24D7-4CCE-91C9-A5D1D19C228D}.Debug|x86.Build.0 = Debug|Any CPU
		{A498D033-24D7-4CCE-91C9-A5D1D19C228D}.Release|Any CPU.ActiveCfg = Release|Any CPU
		{A498D033-24D7-4CCE-91C9-A5D1D19C228D}.Release|Any CPU.Build.0 = Release|Any CPU
		{A498D033-24D7-4CCE-91C9-A5D1D19C228D}.Release|x64.ActiveCfg = Release|Any CPU
		{A498D033-24D7-4CCE-91C9-A5D1D19C228D}.Release|x64.Build.0 = Release|Any CPU
		{A498D033-24D7-4CCE-91C9-A5D1D19C228D}.Release|x86.ActiveCfg = Release|Any CPU
		{A498D033-24D7-4CCE-91C9-A5D1D19C228D}.Release|x86.Build.0 = Release|Any CPU
		{A99F4477-ADD4-48B9-AB4D-087D97668B9A}.Debug|Any CPU.ActiveCfg = Debug|Any CPU
		{A99F4477-ADD4-48B9-AB4D-087D97668B9A}.Debug|Any CPU.Build.0 = Debug|Any CPU
		{A99F4477-ADD4-48B9-AB4D-087D97668B9A}.Debug|x64.ActiveCfg = Debug|Any CPU
		{A99F4477-ADD4-48B9-AB4D-087D97668B9A}.Debug|x64.Build.0 = Debug|Any CPU
		{A99F4477-ADD4-48B9-AB4D-087D97668B9A}.Debug|x86.ActiveCfg = Debug|Any CPU
		{A99F4477-ADD4-48B9-AB4D-087D97668B9A}.Debug|x86.Build.0 = Debug|Any CPU
		{A99F4477-ADD4-48B9-AB4D-087D97668B9A}.Release|Any CPU.ActiveCfg = Release|Any CPU
		{A99F4477-ADD4-48B9-AB4D-087D97668B9A}.Release|Any CPU.Build.0 = Release|Any CPU
		{A99F4477-ADD4-48B9-AB4D-087D97668B9A}.Release|x64.ActiveCfg = Release|Any CPU
		{A99F4477-ADD4-48B9-AB4D-087D97668B9A}.Release|x64.Build.0 = Release|Any CPU
		{A99F4477-ADD4-48B9-AB4D-087D97668B9A}.Release|x86.ActiveCfg = Release|Any CPU
		{A99F4477-ADD4-48B9-AB4D-087D97668B9A}.Release|x86.Build.0 = Release|Any CPU
		{6977F223-E028-4604-967B-299B7C07A380}.Debug|Any CPU.ActiveCfg = Debug|Any CPU
		{6977F223-E028-4604-967B-299B7C07A380}.Debug|Any CPU.Build.0 = Debug|Any CPU
		{6977F223-E028-4604-967B-299B7C07A380}.Debug|x64.ActiveCfg = Debug|Any CPU
		{6977F223-E028-4604-967B-299B7C07A380}.Debug|x64.Build.0 = Debug|Any CPU
		{6977F223-E028-4604-967B-299B7C07A380}.Debug|x86.ActiveCfg = Debug|Any CPU
		{6977F223-E028-4604-967B-299B7C07A380}.Debug|x86.Build.0 = Debug|Any CPU
		{6977F223-E028-4604-967B-299B7C07A380}.Release|Any CPU.ActiveCfg = Release|Any CPU
		{6977F223-E028-4604-967B-299B7C07A380}.Release|Any CPU.Build.0 = Release|Any CPU
		{6977F223-E028-4604-967B-299B7C07A380}.Release|x64.ActiveCfg = Release|Any CPU
		{6977F223-E028-4604-967B-299B7C07A380}.Release|x64.Build.0 = Release|Any CPU
		{6977F223-E028-4604-967B-299B7C07A380}.Release|x86.ActiveCfg = Release|Any CPU
		{6977F223-E028-4604-967B-299B7C07A380}.Release|x86.Build.0 = Release|Any CPU
		{AC8E497D-AA4B-463C-A1E5-F9972D38EAED}.Debug|Any CPU.ActiveCfg = Debug|Any CPU
		{AC8E497D-AA4B-463C-A1E5-F9972D38EAED}.Debug|Any CPU.Build.0 = Debug|Any CPU
		{AC8E497D-AA4B-463C-A1E5-F9972D38EAED}.Debug|x64.ActiveCfg = Debug|Any CPU
		{AC8E497D-AA4B-463C-A1E5-F9972D38EAED}.Debug|x64.Build.0 = Debug|Any CPU
		{AC8E497D-AA4B-463C-A1E5-F9972D38EAED}.Debug|x86.ActiveCfg = Debug|Any CPU
		{AC8E497D-AA4B-463C-A1E5-F9972D38EAED}.Debug|x86.Build.0 = Debug|Any CPU
		{AC8E497D-AA4B-463C-A1E5-F9972D38EAED}.Release|Any CPU.ActiveCfg = Release|Any CPU
		{AC8E497D-AA4B-463C-A1E5-F9972D38EAED}.Release|Any CPU.Build.0 = Release|Any CPU
		{AC8E497D-AA4B-463C-A1E5-F9972D38EAED}.Release|x64.ActiveCfg = Release|Any CPU
		{AC8E497D-AA4B-463C-A1E5-F9972D38EAED}.Release|x64.Build.0 = Release|Any CPU
		{AC8E497D-AA4B-463C-A1E5-F9972D38EAED}.Release|x86.ActiveCfg = Release|Any CPU
		{AC8E497D-AA4B-463C-A1E5-F9972D38EAED}.Release|x86.Build.0 = Release|Any CPU
	EndGlobalSection
	GlobalSection(SolutionProperties) = preSolution
		HideSolutionNode = FALSE
	EndGlobalSection
	GlobalSection(NestedProjects) = preSolution
		{528B0F80-4393-42A5-825F-15CFF66659BA} = {827E0CD3-B72D-47B6-A68D-7590B98EB39B}
		{A498D033-24D7-4CCE-91C9-A5D1D19C228D} = {827E0CD3-B72D-47B6-A68D-7590B98EB39B}
		{A99F4477-ADD4-48B9-AB4D-087D97668B9A} = {827E0CD3-B72D-47B6-A68D-7590B98EB39B}
		{6977F223-E028-4604-967B-299B7C07A380} = {0C88DD14-F956-CE84-757C-A364CCF449FC}
		{AC8E497D-AA4B-463C-A1E5-F9972D38EAED} = {0C88DD14-F956-CE84-757C-A364CCF449FC}
	EndGlobalSection
EndGlobal
