
Microsoft Visual Studio Solution File, Format Version 12.00
# Visual Studio Version 17
VisualStudioVersion = 17.0.31903.59
MinimumVisualStudioVersion = 10.0.40219.1
Project("{FAE04EC0-301F-11D3-BF4B-00C04F79EFBC}") = "HomeNet.App", "HomeNet.App\HomeNet.App.csproj", "{723A1457-2FE6-4E09-AE28-B2BFF5012A3F}"
EndProject
Project("{FAE04EC0-301F-11D3-BF4B-00C04F79EFBC}") = "HomeNet.Core", "HomeNet.Core\HomeNet.Core.csproj", "{E78E0386-F7BA-4FEF-90FC-E232267846E7}"
EndProject
Project("{FAE04EC0-301F-11D3-BF4B-00C04F79EFBC}") = "HomeNet.Modules", "HomeNet.Modules\HomeNet.Modules.csproj", "{76CAD364-9AEE-4790-978C-B09D1A61C897}"
EndProject
Project("{FAE04EC0-301F-11D3-BF4B-00C04F79EFBC}") = "HomeNet.Infrastructure", "HomeNet.Infrastructure\HomeNet.Infrastructure.csproj", "{6E3FFEF7-3B15-4CFB-AA58-78854BA52CB9}"
EndProject
Global
	GlobalSection(SolutionConfigurationPlatforms) = preSolution
		Debug|Any CPU = Debug|Any CPU
		Release|Any CPU = Release|Any CPU
	EndGlobalSection
	GlobalSection(SolutionProperties) = preSolution
		HideSolutionNode = FALSE
	EndGlobalSection
	GlobalSection(ProjectConfigurationPlatforms) = postSolution
		{723A1457-2FE6-4E09-AE28-B2BFF5012A3F}.Debug|Any CPU.ActiveCfg = Debug|Any CPU
		{723A1457-2FE6-4E09-AE28-B2BFF5012A3F}.Debug|Any CPU.Build.0 = Debug|Any CPU
		{723A1457-2FE6-4E09-AE28-B2BFF5012A3F}.Release|Any CPU.ActiveCfg = Release|Any CPU
		{723A1457-2FE6-4E09-AE28-B2BFF5012A3F}.Release|Any CPU.Build.0 = Release|Any CPU
		{E78E0386-F7BA-4FEF-90FC-E232267846E7}.Debug|Any CPU.ActiveCfg = Debug|Any CPU
		{E78E0386-F7BA-4FEF-90FC-E232267846E7}.Debug|Any CPU.Build.0 = Debug|Any CPU
		{E78E0386-F7BA-4FEF-90FC-E232267846E7}.Release|Any CPU.ActiveCfg = Release|Any CPU
		{E78E0386-F7BA-4FEF-90FC-E232267846E7}.Release|Any CPU.Build.0 = Release|Any CPU
		{76CAD364-9AEE-4790-978C-B09D1A61C897}.Debug|Any CPU.ActiveCfg = Debug|Any CPU
		{76CAD364-9AEE-4790-978C-B09D1A61C897}.Debug|Any CPU.Build.0 = Debug|Any CPU
		{76CAD364-9AEE-4790-978C-B09D1A61C897}.Release|Any CPU.ActiveCfg = Release|Any CPU
		{76CAD364-9AEE-4790-978C-B09D1A61C897}.Release|Any CPU.Build.0 = Release|Any CPU
		{6E3FFEF7-3B15-4CFB-AA58-78854BA52CB9}.Debug|Any CPU.ActiveCfg = Debug|Any CPU
		{6E3FFEF7-3B15-4CFB-AA58-78854BA52CB9}.Debug|Any CPU.Build.0 = Debug|Any CPU
		{6E3FFEF7-3B15-4CFB-AA58-78854BA52CB9}.Release|Any CPU.ActiveCfg = Release|Any CPU
		{6E3FFEF7-3B15-4CFB-AA58-78854BA52CB9}.Release|Any CPU.Build.0 = Release|Any CPU
	EndGlobalSection
EndGlobal
