
Microsoft Visual Studio Solution File, Format Version 12.00
# Visual Studio Version 17
VisualStudioVersion = 17.0.31903.59
MinimumVisualStudioVersion = 10.0.40219.1
Project("{2150E333-8FDC-42A3-9474-1A3956D46DE8}") = "src", "src", "{827E0CD3-B72D-47B6-A68D-7590B98EB39B}"
EndProject
Project("{FAE04EC0-301F-11D3-BF4B-00C04F79EFBC}") = "HomeNet.Core", "src\HomeNet.Core\HomeNet.Core.csproj", "{528B0F80-4393-42A5-825F-15CFF66659BA}"
EndProject
Project("{FAE04EC0-301F-11D3-BF4B-00C04F79EFBC}") = "HomeNet.Web", "src\HomeNet.Web\HomeNet.Web.csproj", "{A99F4477-ADD4-48B9-AB4D-087D97668B9A}"
EndProject
Project("{2150E333-8FDC-42A3-9474-1A3956D46DE8}") = "test", "test", "{0C88DD14-F956-CE84-757C-A364CCF449FC}"
EndProject
Project("{FAE04EC0-301F-11D3-BF4B-00C04F79EFBC}") = "HomeNet.Core.Test", "test\HomeNet.Core.Test\HomeNet.Core.Test.csproj", "{6977F223-E028-4604-967B-299B7C07A380}"
EndProject
Project("{FAE04EC0-301F-11D3-BF4B-00C04F79EFBC}") = "HomeNet.Infrastructure", "src\HomeNet.Infrastructure\HomeNet.Infrastructure.csproj", "{9B5E5D51-96A5-4072-895F-1C72673D5614}"
EndProject
Project("{FAE04EC0-301F-11D3-BF4B-00C04F79EFBC}") = "HomeNet.Infrastructure.Test", "test\HomeNet.Infrastructure.Test\HomeNet.Infrastructure.Test.csproj", "{E3149F1C-7D8F-4EC9-BB3A-F73FC36F4C3D}"
EndProject
Project("{2150E333-8FDC-42A3-9474-1A3956D46DE8}") = "sql", "sql", "{E1D8A8F4-1A43-CA6F-969C-EEA7A4C90B8A}"
	ProjectSection(SolutionItems) = preProject
		sql\postgres.initdb.sql = sql\postgres.initdb.sql
	EndProjectSection
EndProject
Global
	GlobalSection(SolutionConfigurationPlatforms) = preSolution
		Debug|Any CPU = Debug|Any CPU
		Debug|x64 = Debug|x64
		Debug|x86 = Debug|x86
		Release|Any CPU = Release|Any CPU
		Release|x64 = Release|x64
		Release|x86 = Release|x86
	EndGlobalSection
	GlobalSection(ProjectConfigurationPlatforms) = postSolution
		{528B0F80-4393-42A5-825F-15CFF66659BA}.Debug|Any CPU.ActiveCfg = Debug|Any CPU
		{528B0F80-4393-42A5-825F-15CFF66659BA}.Debug|Any CPU.Build.0 = Debug|Any CPU
		{528B0F80-4393-42A5-825F-15CFF66659BA}.Debug|x64.ActiveCfg = Debug|Any CPU
		{528B0F80-4393-42A5-825F-15CFF66659BA}.Debug|x64.Build.0 = Debug|Any CPU
		{528B0F80-4393-42A5-825F-15CFF66659BA}.Debug|x86.ActiveCfg = Debug|Any CPU
		{528B0F80-4393-42A5-825F-15CFF66659BA}.Debug|x86.Build.0 = Debug|Any CPU
		{528B0F80-4393-42A5-825F-15CFF66659BA}.Release|Any CPU.ActiveCfg = Release|Any CPU
		{528B0F80-4393-42A5-825F-15CFF66659BA}.Release|Any CPU.Build.0 = Release|Any CPU
		{528B0F80-4393-42A5-825F-15CFF66659BA}.Release|x64.ActiveCfg = Release|Any CPU
		{528B0F80-4393-42A5-825F-15CFF66659BA}.Release|x64.Build.0 = Release|Any CPU
		{528B0F80-4393-42A5-825F-15CFF66659BA}.Release|x86.ActiveCfg = Release|Any CPU
		{528B0F80-4393-42A5-825F-15CFF66659BA}.Release|x86.Build.0 = Release|Any CPU
		{A99F4477-ADD4-48B9-AB4D-087D97668B9A}.Debug|Any CPU.ActiveCfg = Debug|Any CPU
		{A99F4477-ADD4-48B9-AB4D-087D97668B9A}.Debug|Any CPU.Build.0 = Debug|Any CPU
		{A99F4477-ADD4-48B9-AB4D-087D97668B9A}.Debug|x64.ActiveCfg = Debug|Any CPU
		{A99F4477-ADD4-48B9-AB4D-087D97668B9A}.Debug|x64.Build.0 = Debug|Any CPU
		{A99F4477-ADD4-48B9-AB4D-087D97668B9A}.Debug|x86.ActiveCfg = Debug|Any CPU
		{A99F4477-ADD4-48B9-AB4D-087D97668B9A}.Debug|x86.Build.0 = Debug|Any CPU
		{A99F4477-ADD4-48B9-AB4D-087D97668B9A}.Release|Any CPU.ActiveCfg = Release|Any CPU
		{A99F4477-ADD4-48B9-AB4D-087D97668B9A}.Release|Any CPU.Build.0 = Release|Any CPU
		{A99F4477-ADD4-48B9-AB4D-087D97668B9A}.Release|x64.ActiveCfg = Release|Any CPU
		{A99F4477-ADD4-48B9-AB4D-087D97668B9A}.Release|x64.Build.0 = Release|Any CPU
		{A99F4477-ADD4-48B9-AB4D-087D97668B9A}.Release|x86.ActiveCfg = Release|Any CPU
		{A99F4477-ADD4-48B9-AB4D-087D97668B9A}.Release|x86.Build.0 = Release|Any CPU
		{6977F223-E028-4604-967B-299B7C07A380}.Debug|Any CPU.ActiveCfg = Debug|Any CPU
		{6977F223-E028-4604-967B-299B7C07A380}.Debug|Any CPU.Build.0 = Debug|Any CPU
		{6977F223-E028-4604-967B-299B7C07A380}.Debug|x64.ActiveCfg = Debug|Any CPU
		{6977F223-E028-4604-967B-299B7C07A380}.Debug|x64.Build.0 = Debug|Any CPU
		{6977F223-E028-4604-967B-299B7C07A380}.Debug|x86.ActiveCfg = Debug|Any CPU
		{6977F223-E028-4604-967B-299B7C07A380}.Debug|x86.Build.0 = Debug|Any CPU
		{6977F223-E028-4604-967B-299B7C07A380}.Release|Any CPU.ActiveCfg = Release|Any CPU
		{6977F223-E028-4604-967B-299B7C07A380}.Release|Any CPU.Build.0 = Release|Any CPU
		{6977F223-E028-4604-967B-299B7C07A380}.Release|x64.ActiveCfg = Release|Any CPU
		{6977F223-E028-4604-967B-299B7C07A380}.Release|x64.Build.0 = Release|Any CPU
		{6977F223-E028-4604-967B-299B7C07A380}.Release|x86.ActiveCfg = Release|Any CPU
		{6977F223-E028-4604-967B-299B7C07A380}.Release|x86.Build.0 = Release|Any CPU
		{9B5E5D51-96A5-4072-895F-1C72673D5614}.Debug|Any CPU.ActiveCfg = Debug|Any CPU
		{9B5E5D51-96A5-4072-895F-1C72673D5614}.Debug|Any CPU.Build.0 = Debug|Any CPU
		{9B5E5D51-96A5-4072-895F-1C72673D5614}.Debug|x64.ActiveCfg = Debug|Any CPU
		{9B5E5D51-96A5-4072-895F-1C72673D5614}.Debug|x64.Build.0 = Debug|Any CPU
		{9B5E5D51-96A5-4072-895F-1C72673D5614}.Debug|x86.ActiveCfg = Debug|Any CPU
		{9B5E5D51-96A5-4072-895F-1C72673D5614}.Debug|x86.Build.0 = Debug|Any CPU
		{9B5E5D51-96A5-4072-895F-1C72673D5614}.Release|Any CPU.ActiveCfg = Release|Any CPU
		{9B5E5D51-96A5-4072-895F-1C72673D5614}.Release|Any CPU.Build.0 = Release|Any CPU
		{9B5E5D51-96A5-4072-895F-1C72673D5614}.Release|x64.ActiveCfg = Release|Any CPU
		{9B5E5D51-96A5-4072-895F-1C72673D5614}.Release|x64.Build.0 = Release|Any CPU
		{9B5E5D51-96A5-4072-895F-1C72673D5614}.Release|x86.ActiveCfg = Release|Any CPU
		{9B5E5D51-96A5-4072-895F-1C72673D5614}.Release|x86.Build.0 = Release|Any CPU
		{E3149F1C-7D8F-4EC9-BB3A-F73FC36F4C3D}.Debug|Any CPU.ActiveCfg = Debug|Any CPU
		{E3149F1C-7D8F-4EC9-BB3A-F73FC36F4C3D}.Debug|Any CPU.Build.0 = Debug|Any CPU
		{E3149F1C-7D8F-4EC9-BB3A-F73FC36F4C3D}.Debug|x64.ActiveCfg = Debug|Any CPU
		{E3149F1C-7D8F-4EC9-BB3A-F73FC36F4C3D}.Debug|x64.Build.0 = Debug|Any CPU
		{E3149F1C-7D8F-4EC9-BB3A-F73FC36F4C3D}.Debug|x86.ActiveCfg = Debug|Any CPU
		{E3149F1C-7D8F-4EC9-BB3A-F73FC36F4C3D}.Debug|x86.Build.0 = Debug|Any CPU
		{E3149F1C-7D8F-4EC9-BB3A-F73FC36F4C3D}.Release|Any CPU.ActiveCfg = Release|Any CPU
		{E3149F1C-7D8F-4EC9-BB3A-F73FC36F4C3D}.Release|Any CPU.Build.0 = Release|Any CPU
		{E3149F1C-7D8F-4EC9-BB3A-F73FC36F4C3D}.Release|x64.ActiveCfg = Release|Any CPU
		{E3149F1C-7D8F-4EC9-BB3A-F73FC36F4C3D}.Release|x64.Build.0 = Release|Any CPU
		{E3149F1C-7D8F-4EC9-BB3A-F73FC36F4C3D}.Release|x86.ActiveCfg = Release|Any CPU
		{E3149F1C-7D8F-4EC9-BB3A-F73FC36F4C3D}.Release|x86.Build.0 = Release|Any CPU
	EndGlobalSection
	GlobalSection(SolutionProperties) = preSolution
		HideSolutionNode = FALSE
	EndGlobalSection
	GlobalSection(NestedProjects) = preSolution
		{528B0F80-4393-42A5-825F-15CFF66659BA} = {827E0CD3-B72D-47B6-A68D-7590B98EB39B}
		{A99F4477-ADD4-48B9-AB4D-087D97668B9A} = {827E0CD3-B72D-47B6-A68D-7590B98EB39B}
		{6977F223-E028-4604-967B-299B7C07A380} = {0C88DD14-F956-CE84-757C-A364CCF449FC}
		{9B5E5D51-96A5-4072-895F-1C72673D5614} = {827E0CD3-B72D-47B6-A68D-7590B98EB39B}
		{E3149F1C-7D8F-4EC9-BB3A-F73FC36F4C3D} = {0C88DD14-F956-CE84-757C-A364CCF449FC}
	EndGlobalSection
EndGlobal
